
Microsoft Visual Studio Solution File, Format Version 12.00
# Visual Studio Version 17
VisualStudioVersion = 17.3.32825.248
MinimumVisualStudioVersion = 10.0.40219.1
Project("{8BC9CEB8-8B4A-11D0-8D11-00A0C91BC942}") = "2022.09.26-Homework-2", "2022.09.26-Homework-2\2022.09.26-Homework-2.vcxproj", "{0B21922D-EBA2-47E5-A899-06FD7F466843}"
EndProject
Project("{8BC9CEB8-8B4A-11D0-8D11-00A0C91BC942}") = "Task1", "Task1\Task1.vcxproj", "{BC98177A-DFEA-4609-A23D-25D42F8DD3BD}"
EndProject
Project("{8BC9CEB8-8B4A-11D0-8D11-00A0C91BC942}") = "Task2", "Task2\Task2.vcxproj", "{2807078B-D018-49AE-947E-9F729B09776C}"
EndProject
Project("{8BC9CEB8-8B4A-11D0-8D11-00A0C91BC942}") = "Task3", "Task3\Task3.vcxproj", "{6B23D76D-22CA-4D29-B488-487DE166C85F}"
EndProject
Project("{8BC9CEB8-8B4A-11D0-8D11-00A0C91BC942}") = "Task4", "Task4\Task4.vcxproj", "{5C5ADAC9-1932-43E1-A077-37C0C5966EFE}"
EndProject
Project("{8BC9CEB8-8B4A-11D0-8D11-00A0C91BC942}") = "Task5", "Task5\Task5.vcxproj", "{CA9DF5B0-6483-4EEE-B080-F5EEF9D0611B}"
EndProject
Project("{8BC9CEB8-8B4A-11D0-8D11-00A0C91BC942}") = "Task6", "Task6\Task6.vcxproj", "{D70498C2-0471-42EC-8FE7-443DA58EB5AE}"
EndProject
Project("{8BC9CEB8-8B4A-11D0-8D11-00A0C91BC942}") = "Task7", "Task7\Task7.vcxproj", "{590E020C-1646-4D62-B731-D4279649F521}"
EndProject
Project("{8BC9CEB8-8B4A-11D0-8D11-00A0C91BC942}") = "Task8", "Task8\Task8.vcxproj", "{FFA8553B-F91A-4FD9-923D-24052BC4D06A}"
EndProject
Project("{8BC9CEB8-8B4A-11D0-8D11-00A0C91BC942}") = "Task9", "Task9\Task9.vcxproj", "{BD1B7B5D-9A66-48B0-92C0-10F7FBFEC1B2}"
EndProject
Global
	GlobalSection(SolutionConfigurationPlatforms) = preSolution
		Debug|x64 = Debug|x64
		Debug|x86 = Debug|x86
		Release|x64 = Release|x64
		Release|x86 = Release|x86
	EndGlobalSection
	GlobalSection(ProjectConfigurationPlatforms) = postSolution
		{0B21922D-EBA2-47E5-A899-06FD7F466843}.Debug|x64.ActiveCfg = Debug|x64
		{0B21922D-EBA2-47E5-A899-06FD7F466843}.Debug|x64.Build.0 = Debug|x64
		{0B21922D-EBA2-47E5-A899-06FD7F466843}.Debug|x86.ActiveCfg = Debug|Win32
		{0B21922D-EBA2-47E5-A899-06FD7F466843}.Debug|x86.Build.0 = Debug|Win32
		{0B21922D-EBA2-47E5-A899-06FD7F466843}.Release|x64.ActiveCfg = Release|x64
		{0B21922D-EBA2-47E5-A899-06FD7F466843}.Release|x64.Build.0 = Release|x64
		{0B21922D-EBA2-47E5-A899-06FD7F466843}.Release|x86.ActiveCfg = Release|Win32
		{0B21922D-EBA2-47E5-A899-06FD7F466843}.Release|x86.Build.0 = Release|Win32
		{BC98177A-DFEA-4609-A23D-25D42F8DD3BD}.Debug|x64.ActiveCfg = Debug|x64
		{BC98177A-DFEA-4609-A23D-25D42F8DD3BD}.Debug|x64.Build.0 = Debug|x64
		{BC98177A-DFEA-4609-A23D-25D42F8DD3BD}.Debug|x86.ActiveCfg = Debug|Win32
		{BC98177A-DFEA-4609-A23D-25D42F8DD3BD}.Debug|x86.Build.0 = Debug|Win32
		{BC98177A-DFEA-4609-A23D-25D42F8DD3BD}.Release|x64.ActiveCfg = Release|x64
		{BC98177A-DFEA-4609-A23D-25D42F8DD3BD}.Release|x64.Build.0 = Release|x64
		{BC98177A-DFEA-4609-A23D-25D42F8DD3BD}.Release|x86.ActiveCfg = Release|Win32
		{BC98177A-DFEA-4609-A23D-25D42F8DD3BD}.Release|x86.Build.0 = Release|Win32
		{2807078B-D018-49AE-947E-9F729B09776C}.Debug|x64.ActiveCfg = Debug|x64
		{2807078B-D018-49AE-947E-9F729B09776C}.Debug|x64.Build.0 = Debug|x64
		{2807078B-D018-49AE-947E-9F729B09776C}.Debug|x86.ActiveCfg = Debug|Win32
		{2807078B-D018-49AE-947E-9F729B09776C}.Debug|x86.Build.0 = Debug|Win32
		{2807078B-D018-49AE-947E-9F729B09776C}.Release|x64.ActiveCfg = Release|x64
		{2807078B-D018-49AE-947E-9F729B09776C}.Release|x64.Build.0 = Release|x64
		{2807078B-D018-49AE-947E-9F729B09776C}.Release|x86.ActiveCfg = Release|Win32
		{2807078B-D018-49AE-947E-9F729B09776C}.Release|x86.Build.0 = Release|Win32
		{6B23D76D-22CA-4D29-B488-487DE166C85F}.Debug|x64.ActiveCfg = Debug|x64
		{6B23D76D-22CA-4D29-B488-487DE166C85F}.Debug|x64.Build.0 = Debug|x64
		{6B23D76D-22CA-4D29-B488-487DE166C85F}.Debug|x86.ActiveCfg = Debug|Win32
		{6B23D76D-22CA-4D29-B488-487DE166C85F}.Debug|x86.Build.0 = Debug|Win32
		{6B23D76D-22CA-4D29-B488-487DE166C85F}.Release|x64.ActiveCfg = Release|x64
		{6B23D76D-22CA-4D29-B488-487DE166C85F}.Release|x64.Build.0 = Release|x64
		{6B23D76D-22CA-4D29-B488-487DE166C85F}.Release|x86.ActiveCfg = Release|Win32
		{6B23D76D-22CA-4D29-B488-487DE166C85F}.Release|x86.Build.0 = Release|Win32
		{5C5ADAC9-1932-43E1-A077-37C0C5966EFE}.Debug|x64.ActiveCfg = Debug|x64
		{5C5ADAC9-1932-43E1-A077-37C0C5966EFE}.Debug|x64.Build.0 = Debug|x64
		{5C5ADAC9-1932-43E1-A077-37C0C5966EFE}.Debug|x86.ActiveCfg = Debug|Win32
		{5C5ADAC9-1932-43E1-A077-37C0C5966EFE}.Debug|x86.Build.0 = Debug|Win32
		{5C5ADAC9-1932-43E1-A077-37C0C5966EFE}.Release|x64.ActiveCfg = Release|x64
		{5C5ADAC9-1932-43E1-A077-37C0C5966EFE}.Release|x64.Build.0 = Release|x64
		{5C5ADAC9-1932-43E1-A077-37C0C5966EFE}.Release|x86.ActiveCfg = Release|Win32
		{5C5ADAC9-1932-43E1-A077-37C0C5966EFE}.Release|x86.Build.0 = Release|Win32
		{CA9DF5B0-6483-4EEE-B080-F5EEF9D0611B}.Debug|x64.ActiveCfg = Debug|x64
		{CA9DF5B0-6483-4EEE-B080-F5EEF9D0611B}.Debug|x64.Build.0 = Debug|x64
		{CA9DF5B0-6483-4EEE-B080-F5EEF9D0611B}.Debug|x86.ActiveCfg = Debug|Win32
		{CA9DF5B0-6483-4EEE-B080-F5EEF9D0611B}.Debug|x86.Build.0 = Debug|Win32
		{CA9DF5B0-6483-4EEE-B080-F5EEF9D0611B}.Release|x64.ActiveCfg = Release|x64
		{CA9DF5B0-6483-4EEE-B080-F5EEF9D0611B}.Release|x64.Build.0 = Release|x64
		{CA9DF5B0-6483-4EEE-B080-F5EEF9D0611B}.Release|x86.ActiveCfg = Release|Win32
		{CA9DF5B0-6483-4EEE-B080-F5EEF9D0611B}.Release|x86.Build.0 = Release|Win32
		{D70498C2-0471-42EC-8FE7-443DA58EB5AE}.Debug|x64.ActiveCfg = Debug|x64
		{D70498C2-0471-42EC-8FE7-443DA58EB5AE}.Debug|x64.Build.0 = Debug|x64
		{D70498C2-0471-42EC-8FE7-443DA58EB5AE}.Debug|x86.ActiveCfg = Debug|Win32
		{D70498C2-0471-42EC-8FE7-443DA58EB5AE}.Debug|x86.Build.0 = Debug|Win32
		{D70498C2-0471-42EC-8FE7-443DA58EB5AE}.Release|x64.ActiveCfg = Release|x64
		{D70498C2-0471-42EC-8FE7-443DA58EB5AE}.Release|x64.Build.0 = Release|x64
		{D70498C2-0471-42EC-8FE7-443DA58EB5AE}.Release|x86.ActiveCfg = Release|Win32
		{D70498C2-0471-42EC-8FE7-443DA58EB5AE}.Release|x86.Build.0 = Release|Win32
		{590E020C-1646-4D62-B731-D4279649F521}.Debug|x64.ActiveCfg = Debug|x64
		{590E020C-1646-4D62-B731-D4279649F521}.Debug|x64.Build.0 = Debug|x64
		{590E020C-1646-4D62-B731-D4279649F521}.Debug|x86.ActiveCfg = Debug|Win32
		{590E020C-1646-4D62-B731-D4279649F521}.Debug|x86.Build.0 = Debug|Win32
		{590E020C-1646-4D62-B731-D4279649F521}.Release|x64.ActiveCfg = Release|x64
		{590E020C-1646-4D62-B731-D4279649F521}.Release|x64.Build.0 = Release|x64
		{590E020C-1646-4D62-B731-D4279649F521}.Release|x86.ActiveCfg = Release|Win32
		{590E020C-1646-4D62-B731-D4279649F521}.Release|x86.Build.0 = Release|Win32
		{FFA8553B-F91A-4FD9-923D-24052BC4D06A}.Debug|x64.ActiveCfg = Debug|x64
		{FFA8553B-F91A-4FD9-923D-24052BC4D06A}.Debug|x64.Build.0 = Debug|x64
		{FFA8553B-F91A-4FD9-923D-24052BC4D06A}.Debug|x86.ActiveCfg = Debug|Win32
		{FFA8553B-F91A-4FD9-923D-24052BC4D06A}.Debug|x86.Build.0 = Debug|Win32
		{FFA8553B-F91A-4FD9-923D-24052BC4D06A}.Release|x64.ActiveCfg = Release|x64
		{FFA8553B-F91A-4FD9-923D-24052BC4D06A}.Release|x64.Build.0 = Release|x64
		{FFA8553B-F91A-4FD9-923D-24052BC4D06A}.Release|x86.ActiveCfg = Release|Win32
		{FFA8553B-F91A-4FD9-923D-24052BC4D06A}.Release|x86.Build.0 = Release|Win32
		{BD1B7B5D-9A66-48B0-92C0-10F7FBFEC1B2}.Debug|x64.ActiveCfg = Debug|x64
		{BD1B7B5D-9A66-48B0-92C0-10F7FBFEC1B2}.Debug|x64.Build.0 = Debug|x64
		{BD1B7B5D-9A66-48B0-92C0-10F7FBFEC1B2}.Debug|x86.ActiveCfg = Debug|Win32
		{BD1B7B5D-9A66-48B0-92C0-10F7FBFEC1B2}.Debug|x86.Build.0 = Debug|Win32
		{BD1B7B5D-9A66-48B0-92C0-10F7FBFEC1B2}.Release|x64.ActiveCfg = Release|x64
		{BD1B7B5D-9A66-48B0-92C0-10F7FBFEC1B2}.Release|x64.Build.0 = Release|x64
		{BD1B7B5D-9A66-48B0-92C0-10F7FBFEC1B2}.Release|x86.ActiveCfg = Release|Win32
		{BD1B7B5D-9A66-48B0-92C0-10F7FBFEC1B2}.Release|x86.Build.0 = Release|Win32
	EndGlobalSection
	GlobalSection(SolutionProperties) = preSolution
		HideSolutionNode = FALSE
	EndGlobalSection
	GlobalSection(ExtensibilityGlobals) = postSolution
		SolutionGuid = {084F2062-836B-42E6-83BF-FFCAB8440EAB}
	EndGlobalSection
EndGlobal
