
Microsoft Visual Studio Solution File, Format Version 12.00
# Visual Studio Version 17
VisualStudioVersion = 17.3.32825.248
MinimumVisualStudioVersion = 10.0.40219.1
Project("{8BC9CEB8-8B4A-11D0-8D11-00A0C91BC942}") = "2022.11.07-Homework-6", "2022.11.07-Homework-6\2022.11.07-Homework-6.vcxproj", "{751B2884-CE4C-420C-82BD-765150184FF3}"
EndProject
Project("{8BC9CEB8-8B4A-11D0-8D11-00A0C91BC942}") = "task1", "task1\task1.vcxproj", "{7FEE3AD7-BF48-45CA-B940-8703D60D2D12}"
EndProject
Project("{8BC9CEB8-8B4A-11D0-8D11-00A0C91BC942}") = "task2", "task2\task2.vcxproj", "{2F9F9FD9-F241-41CE-A773-9F3D10C2C036}"
EndProject
Project("{8BC9CEB8-8B4A-11D0-8D11-00A0C91BC942}") = "task3", "task3\task3.vcxproj", "{99CB4F75-CC86-4701-946E-C16B4C0AA795}"
EndProject
Project("{8BC9CEB8-8B4A-11D0-8D11-00A0C91BC942}") = "task4", "task4\task4.vcxproj", "{C1CD9D60-416A-4452-89CE-A471ED16ECA9}"
EndProject
Project("{8BC9CEB8-8B4A-11D0-8D11-00A0C91BC942}") = "task5", "task5\task5.vcxproj", "{7A9A7EE6-36BC-4073-8717-BA70F4135792}"
EndProject
Project("{8BC9CEB8-8B4A-11D0-8D11-00A0C91BC942}") = "task6", "task6\task6.vcxproj", "{8FC53BB3-5029-48DC-96D2-BC72D5C2EF54}"
EndProject
Project("{8BC9CEB8-8B4A-11D0-8D11-00A0C91BC942}") = "task7", "task7\task7.vcxproj", "{F9139E75-64C8-4002-88E5-6604A346807C}"
EndProject
Project("{8BC9CEB8-8B4A-11D0-8D11-00A0C91BC942}") = "task8", "task8\task8.vcxproj", "{FC198BE8-A815-4670-9A10-B45A36222594}"
EndProject
Project("{8BC9CEB8-8B4A-11D0-8D11-00A0C91BC942}") = "task9", "task9\task9.vcxproj", "{7F891925-2E79-4C05-8477-AA53451A5591}"
EndProject
Project("{8BC9CEB8-8B4A-11D0-8D11-00A0C91BC942}") = "task10", "task10\task10.vcxproj", "{B168B7D4-6FC9-4065-A493-3481CF937AD9}"
EndProject
Global
	GlobalSection(SolutionConfigurationPlatforms) = preSolution
		Debug|x64 = Debug|x64
		Debug|x86 = Debug|x86
		Release|x64 = Release|x64
		Release|x86 = Release|x86
	EndGlobalSection
	GlobalSection(ProjectConfigurationPlatforms) = postSolution
		{751B2884-CE4C-420C-82BD-765150184FF3}.Debug|x64.ActiveCfg = Debug|x64
		{751B2884-CE4C-420C-82BD-765150184FF3}.Debug|x64.Build.0 = Debug|x64
		{751B2884-CE4C-420C-82BD-765150184FF3}.Debug|x86.ActiveCfg = Debug|Win32
		{751B2884-CE4C-420C-82BD-765150184FF3}.Debug|x86.Build.0 = Debug|Win32
		{751B2884-CE4C-420C-82BD-765150184FF3}.Release|x64.ActiveCfg = Release|x64
		{751B2884-CE4C-420C-82BD-765150184FF3}.Release|x64.Build.0 = Release|x64
		{751B2884-CE4C-420C-82BD-765150184FF3}.Release|x86.ActiveCfg = Release|Win32
		{751B2884-CE4C-420C-82BD-765150184FF3}.Release|x86.Build.0 = Release|Win32
		{7FEE3AD7-BF48-45CA-B940-8703D60D2D12}.Debug|x64.ActiveCfg = Debug|x64
		{7FEE3AD7-BF48-45CA-B940-8703D60D2D12}.Debug|x64.Build.0 = Debug|x64
		{7FEE3AD7-BF48-45CA-B940-8703D60D2D12}.Debug|x86.ActiveCfg = Debug|Win32
		{7FEE3AD7-BF48-45CA-B940-8703D60D2D12}.Debug|x86.Build.0 = Debug|Win32
		{7FEE3AD7-BF48-45CA-B940-8703D60D2D12}.Release|x64.ActiveCfg = Release|x64
		{7FEE3AD7-BF48-45CA-B940-8703D60D2D12}.Release|x64.Build.0 = Release|x64
		{7FEE3AD7-BF48-45CA-B940-8703D60D2D12}.Release|x86.ActiveCfg = Release|Win32
		{7FEE3AD7-BF48-45CA-B940-8703D60D2D12}.Release|x86.Build.0 = Release|Win32
		{2F9F9FD9-F241-41CE-A773-9F3D10C2C036}.Debug|x64.ActiveCfg = Debug|x64
		{2F9F9FD9-F241-41CE-A773-9F3D10C2C036}.Debug|x64.Build.0 = Debug|x64
		{2F9F9FD9-F241-41CE-A773-9F3D10C2C036}.Debug|x86.ActiveCfg = Debug|Win32
		{2F9F9FD9-F241-41CE-A773-9F3D10C2C036}.Debug|x86.Build.0 = Debug|Win32
		{2F9F9FD9-F241-41CE-A773-9F3D10C2C036}.Release|x64.ActiveCfg = Release|x64
		{2F9F9FD9-F241-41CE-A773-9F3D10C2C036}.Release|x64.Build.0 = Release|x64
		{2F9F9FD9-F241-41CE-A773-9F3D10C2C036}.Release|x86.ActiveCfg = Release|Win32
		{2F9F9FD9-F241-41CE-A773-9F3D10C2C036}.Release|x86.Build.0 = Release|Win32
		{99CB4F75-CC86-4701-946E-C16B4C0AA795}.Debug|x64.ActiveCfg = Debug|x64
		{99CB4F75-CC86-4701-946E-C16B4C0AA795}.Debug|x64.Build.0 = Debug|x64
		{99CB4F75-CC86-4701-946E-C16B4C0AA795}.Debug|x86.ActiveCfg = Debug|Win32
		{99CB4F75-CC86-4701-946E-C16B4C0AA795}.Debug|x86.Build.0 = Debug|Win32
		{99CB4F75-CC86-4701-946E-C16B4C0AA795}.Release|x64.ActiveCfg = Release|x64
		{99CB4F75-CC86-4701-946E-C16B4C0AA795}.Release|x64.Build.0 = Release|x64
		{99CB4F75-CC86-4701-946E-C16B4C0AA795}.Release|x86.ActiveCfg = Release|Win32
		{99CB4F75-CC86-4701-946E-C16B4C0AA795}.Release|x86.Build.0 = Release|Win32
		{C1CD9D60-416A-4452-89CE-A471ED16ECA9}.Debug|x64.ActiveCfg = Debug|x64
		{C1CD9D60-416A-4452-89CE-A471ED16ECA9}.Debug|x64.Build.0 = Debug|x64
		{C1CD9D60-416A-4452-89CE-A471ED16ECA9}.Debug|x86.ActiveCfg = Debug|Win32
		{C1CD9D60-416A-4452-89CE-A471ED16ECA9}.Debug|x86.Build.0 = Debug|Win32
		{C1CD9D60-416A-4452-89CE-A471ED16ECA9}.Release|x64.ActiveCfg = Release|x64
		{C1CD9D60-416A-4452-89CE-A471ED16ECA9}.Release|x64.Build.0 = Release|x64
		{C1CD9D60-416A-4452-89CE-A471ED16ECA9}.Release|x86.ActiveCfg = Release|Win32
		{C1CD9D60-416A-4452-89CE-A471ED16ECA9}.Release|x86.Build.0 = Release|Win32
		{7A9A7EE6-36BC-4073-8717-BA70F4135792}.Debug|x64.ActiveCfg = Debug|x64
		{7A9A7EE6-36BC-4073-8717-BA70F4135792}.Debug|x64.Build.0 = Debug|x64
		{7A9A7EE6-36BC-4073-8717-BA70F4135792}.Debug|x86.ActiveCfg = Debug|Win32
		{7A9A7EE6-36BC-4073-8717-BA70F4135792}.Debug|x86.Build.0 = Debug|Win32
		{7A9A7EE6-36BC-4073-8717-BA70F4135792}.Release|x64.ActiveCfg = Release|x64
		{7A9A7EE6-36BC-4073-8717-BA70F4135792}.Release|x64.Build.0 = Release|x64
		{7A9A7EE6-36BC-4073-8717-BA70F4135792}.Release|x86.ActiveCfg = Release|Win32
		{7A9A7EE6-36BC-4073-8717-BA70F4135792}.Release|x86.Build.0 = Release|Win32
		{8FC53BB3-5029-48DC-96D2-BC72D5C2EF54}.Debug|x64.ActiveCfg = Debug|x64
		{8FC53BB3-5029-48DC-96D2-BC72D5C2EF54}.Debug|x64.Build.0 = Debug|x64
		{8FC53BB3-5029-48DC-96D2-BC72D5C2EF54}.Debug|x86.ActiveCfg = Debug|Win32
		{8FC53BB3-5029-48DC-96D2-BC72D5C2EF54}.Debug|x86.Build.0 = Debug|Win32
		{8FC53BB3-5029-48DC-96D2-BC72D5C2EF54}.Release|x64.ActiveCfg = Release|x64
		{8FC53BB3-5029-48DC-96D2-BC72D5C2EF54}.Release|x64.Build.0 = Release|x64
		{8FC53BB3-5029-48DC-96D2-BC72D5C2EF54}.Release|x86.ActiveCfg = Release|Win32
		{8FC53BB3-5029-48DC-96D2-BC72D5C2EF54}.Release|x86.Build.0 = Release|Win32
		{F9139E75-64C8-4002-88E5-6604A346807C}.Debug|x64.ActiveCfg = Debug|x64
		{F9139E75-64C8-4002-88E5-6604A346807C}.Debug|x64.Build.0 = Debug|x64
		{F9139E75-64C8-4002-88E5-6604A346807C}.Debug|x86.ActiveCfg = Debug|Win32
		{F9139E75-64C8-4002-88E5-6604A346807C}.Debug|x86.Build.0 = Debug|Win32
		{F9139E75-64C8-4002-88E5-6604A346807C}.Release|x64.ActiveCfg = Release|x64
		{F9139E75-64C8-4002-88E5-6604A346807C}.Release|x64.Build.0 = Release|x64
		{F9139E75-64C8-4002-88E5-6604A346807C}.Release|x86.ActiveCfg = Release|Win32
		{F9139E75-64C8-4002-88E5-6604A346807C}.Release|x86.Build.0 = Release|Win32
		{FC198BE8-A815-4670-9A10-B45A36222594}.Debug|x64.ActiveCfg = Debug|x64
		{FC198BE8-A815-4670-9A10-B45A36222594}.Debug|x64.Build.0 = Debug|x64
		{FC198BE8-A815-4670-9A10-B45A36222594}.Debug|x86.ActiveCfg = Debug|Win32
		{FC198BE8-A815-4670-9A10-B45A36222594}.Debug|x86.Build.0 = Debug|Win32
		{FC198BE8-A815-4670-9A10-B45A36222594}.Release|x64.ActiveCfg = Release|x64
		{FC198BE8-A815-4670-9A10-B45A36222594}.Release|x64.Build.0 = Release|x64
		{FC198BE8-A815-4670-9A10-B45A36222594}.Release|x86.ActiveCfg = Release|Win32
		{FC198BE8-A815-4670-9A10-B45A36222594}.Release|x86.Build.0 = Release|Win32
		{7F891925-2E79-4C05-8477-AA53451A5591}.Debug|x64.ActiveCfg = Debug|x64
		{7F891925-2E79-4C05-8477-AA53451A5591}.Debug|x64.Build.0 = Debug|x64
		{7F891925-2E79-4C05-8477-AA53451A5591}.Debug|x86.ActiveCfg = Debug|Win32
		{7F891925-2E79-4C05-8477-AA53451A5591}.Debug|x86.Build.0 = Debug|Win32
		{7F891925-2E79-4C05-8477-AA53451A5591}.Release|x64.ActiveCfg = Release|x64
		{7F891925-2E79-4C05-8477-AA53451A5591}.Release|x64.Build.0 = Release|x64
		{7F891925-2E79-4C05-8477-AA53451A5591}.Release|x86.ActiveCfg = Release|Win32
		{7F891925-2E79-4C05-8477-AA53451A5591}.Release|x86.Build.0 = Release|Win32
		{B168B7D4-6FC9-4065-A493-3481CF937AD9}.Debug|x64.ActiveCfg = Debug|x64
		{B168B7D4-6FC9-4065-A493-3481CF937AD9}.Debug|x64.Build.0 = Debug|x64
		{B168B7D4-6FC9-4065-A493-3481CF937AD9}.Debug|x86.ActiveCfg = Debug|Win32
		{B168B7D4-6FC9-4065-A493-3481CF937AD9}.Debug|x86.Build.0 = Debug|Win32
		{B168B7D4-6FC9-4065-A493-3481CF937AD9}.Release|x64.ActiveCfg = Release|x64
		{B168B7D4-6FC9-4065-A493-3481CF937AD9}.Release|x64.Build.0 = Release|x64
		{B168B7D4-6FC9-4065-A493-3481CF937AD9}.Release|x86.ActiveCfg = Release|Win32
		{B168B7D4-6FC9-4065-A493-3481CF937AD9}.Release|x86.Build.0 = Release|Win32
	EndGlobalSection
	GlobalSection(SolutionProperties) = preSolution
		HideSolutionNode = FALSE
	EndGlobalSection
	GlobalSection(ExtensibilityGlobals) = postSolution
		SolutionGuid = {074960A5-D31C-4CA3-AAEB-43FD3740ADCB}
	EndGlobalSection
EndGlobal
