
Microsoft Visual Studio Solution File, Format Version 12.00
# Visual Studio Version 17
VisualStudioVersion = 17.3.32825.248
MinimumVisualStudioVersion = 10.0.40219.1
Project("{8BC9CEB8-8B4A-11D0-8D11-00A0C91BC942}") = "2022.09.12-Homework-1", "2022.09.12-Homework-1\2022.09.12-Homework-1.vcxproj", "{AD6F3DA3-0E42-449F-99F1-8CC5DD044185}"
EndProject
Project("{8BC9CEB8-8B4A-11D0-8D11-00A0C91BC942}") = "Task1", "Task1\Task1.vcxproj", "{40265CBC-DB28-4EE8-BEE7-3DA4E647EBF3}"
EndProject
Project("{8BC9CEB8-8B4A-11D0-8D11-00A0C91BC942}") = "Task2", "Task2\Task2.vcxproj", "{AD0CA403-C248-47EE-ADF5-8E042E1710E2}"
EndProject
Project("{8BC9CEB8-8B4A-11D0-8D11-00A0C91BC942}") = "Task3", "Task3\Task3.vcxproj", "{F5D9B6D9-1D77-4F06-A5B2-30CD89A72C3F}"
EndProject
Project("{8BC9CEB8-8B4A-11D0-8D11-00A0C91BC942}") = "Task4", "Task4\Task4.vcxproj", "{4E835D7E-6C10-4EC8-A8BA-1BAC6F743E4E}"
EndProject
Project("{8BC9CEB8-8B4A-11D0-8D11-00A0C91BC942}") = "Task5", "Task5\Task5.vcxproj", "{9FED6BB8-240A-46EF-9187-0B08A3F438D8}"
EndProject
Project("{8BC9CEB8-8B4A-11D0-8D11-00A0C91BC942}") = "Task6", "Task6\Task6.vcxproj", "{91DBB278-DE89-4DA4-AA85-4ED5ACE06626}"
EndProject
Project("{8BC9CEB8-8B4A-11D0-8D11-00A0C91BC942}") = "Task7", "Task7\Task7.vcxproj", "{D3E36FE5-C31C-4ABE-9FB7-45A3F29BF759}"
EndProject
Project("{8BC9CEB8-8B4A-11D0-8D11-00A0C91BC942}") = "Task8", "Task8\Task8.vcxproj", "{09A8F293-EC72-4D15-93EE-5D14EDA6D08E}"
EndProject
Project("{8BC9CEB8-8B4A-11D0-8D11-00A0C91BC942}") = "Task9", "Task9\Task9.vcxproj", "{81340DE2-6397-4CAC-864A-65E2621EF8C3}"
EndProject
Project("{8BC9CEB8-8B4A-11D0-8D11-00A0C91BC942}") = "Task10", "Task10\Task10.vcxproj", "{5B2BF207-1CD6-4DEC-A50B-C8476E03D913}"
EndProject
Global
	GlobalSection(SolutionConfigurationPlatforms) = preSolution
		Debug|x64 = Debug|x64
		Debug|x86 = Debug|x86
		Release|x64 = Release|x64
		Release|x86 = Release|x86
	EndGlobalSection
	GlobalSection(ProjectConfigurationPlatforms) = postSolution
		{AD6F3DA3-0E42-449F-99F1-8CC5DD044185}.Debug|x64.ActiveCfg = Debug|x64
		{AD6F3DA3-0E42-449F-99F1-8CC5DD044185}.Debug|x64.Build.0 = Debug|x64
		{AD6F3DA3-0E42-449F-99F1-8CC5DD044185}.Debug|x86.ActiveCfg = Debug|Win32
		{AD6F3DA3-0E42-449F-99F1-8CC5DD044185}.Debug|x86.Build.0 = Debug|Win32
		{AD6F3DA3-0E42-449F-99F1-8CC5DD044185}.Release|x64.ActiveCfg = Release|x64
		{AD6F3DA3-0E42-449F-99F1-8CC5DD044185}.Release|x64.Build.0 = Release|x64
		{AD6F3DA3-0E42-449F-99F1-8CC5DD044185}.Release|x86.ActiveCfg = Release|Win32
		{AD6F3DA3-0E42-449F-99F1-8CC5DD044185}.Release|x86.Build.0 = Release|Win32
		{40265CBC-DB28-4EE8-BEE7-3DA4E647EBF3}.Debug|x64.ActiveCfg = Debug|x64
		{40265CBC-DB28-4EE8-BEE7-3DA4E647EBF3}.Debug|x64.Build.0 = Debug|x64
		{40265CBC-DB28-4EE8-BEE7-3DA4E647EBF3}.Debug|x86.ActiveCfg = Debug|Win32
		{40265CBC-DB28-4EE8-BEE7-3DA4E647EBF3}.Debug|x86.Build.0 = Debug|Win32
		{40265CBC-DB28-4EE8-BEE7-3DA4E647EBF3}.Release|x64.ActiveCfg = Release|x64
		{40265CBC-DB28-4EE8-BEE7-3DA4E647EBF3}.Release|x64.Build.0 = Release|x64
		{40265CBC-DB28-4EE8-BEE7-3DA4E647EBF3}.Release|x86.ActiveCfg = Release|Win32
		{40265CBC-DB28-4EE8-BEE7-3DA4E647EBF3}.Release|x86.Build.0 = Release|Win32
		{AD0CA403-C248-47EE-ADF5-8E042E1710E2}.Debug|x64.ActiveCfg = Debug|x64
		{AD0CA403-C248-47EE-ADF5-8E042E1710E2}.Debug|x64.Build.0 = Debug|x64
		{AD0CA403-C248-47EE-ADF5-8E042E1710E2}.Debug|x86.ActiveCfg = Debug|Win32
		{AD0CA403-C248-47EE-ADF5-8E042E1710E2}.Debug|x86.Build.0 = Debug|Win32
		{AD0CA403-C248-47EE-ADF5-8E042E1710E2}.Release|x64.ActiveCfg = Release|x64
		{AD0CA403-C248-47EE-ADF5-8E042E1710E2}.Release|x64.Build.0 = Release|x64
		{AD0CA403-C248-47EE-ADF5-8E042E1710E2}.Release|x86.ActiveCfg = Release|Win32
		{AD0CA403-C248-47EE-ADF5-8E042E1710E2}.Release|x86.Build.0 = Release|Win32
		{F5D9B6D9-1D77-4F06-A5B2-30CD89A72C3F}.Debug|x64.ActiveCfg = Debug|x64
		{F5D9B6D9-1D77-4F06-A5B2-30CD89A72C3F}.Debug|x64.Build.0 = Debug|x64
		{F5D9B6D9-1D77-4F06-A5B2-30CD89A72C3F}.Debug|x86.ActiveCfg = Debug|Win32
		{F5D9B6D9-1D77-4F06-A5B2-30CD89A72C3F}.Debug|x86.Build.0 = Debug|Win32
		{F5D9B6D9-1D77-4F06-A5B2-30CD89A72C3F}.Release|x64.ActiveCfg = Release|x64
		{F5D9B6D9-1D77-4F06-A5B2-30CD89A72C3F}.Release|x64.Build.0 = Release|x64
		{F5D9B6D9-1D77-4F06-A5B2-30CD89A72C3F}.Release|x86.ActiveCfg = Release|Win32
		{F5D9B6D9-1D77-4F06-A5B2-30CD89A72C3F}.Release|x86.Build.0 = Release|Win32
		{4E835D7E-6C10-4EC8-A8BA-1BAC6F743E4E}.Debug|x64.ActiveCfg = Debug|x64
		{4E835D7E-6C10-4EC8-A8BA-1BAC6F743E4E}.Debug|x64.Build.0 = Debug|x64
		{4E835D7E-6C10-4EC8-A8BA-1BAC6F743E4E}.Debug|x86.ActiveCfg = Debug|Win32
		{4E835D7E-6C10-4EC8-A8BA-1BAC6F743E4E}.Debug|x86.Build.0 = Debug|Win32
		{4E835D7E-6C10-4EC8-A8BA-1BAC6F743E4E}.Release|x64.ActiveCfg = Release|x64
		{4E835D7E-6C10-4EC8-A8BA-1BAC6F743E4E}.Release|x64.Build.0 = Release|x64
		{4E835D7E-6C10-4EC8-A8BA-1BAC6F743E4E}.Release|x86.ActiveCfg = Release|Win32
		{4E835D7E-6C10-4EC8-A8BA-1BAC6F743E4E}.Release|x86.Build.0 = Release|Win32
		{9FED6BB8-240A-46EF-9187-0B08A3F438D8}.Debug|x64.ActiveCfg = Debug|x64
		{9FED6BB8-240A-46EF-9187-0B08A3F438D8}.Debug|x64.Build.0 = Debug|x64
		{9FED6BB8-240A-46EF-9187-0B08A3F438D8}.Debug|x86.ActiveCfg = Debug|Win32
		{9FED6BB8-240A-46EF-9187-0B08A3F438D8}.Debug|x86.Build.0 = Debug|Win32
		{9FED6BB8-240A-46EF-9187-0B08A3F438D8}.Release|x64.ActiveCfg = Release|x64
		{9FED6BB8-240A-46EF-9187-0B08A3F438D8}.Release|x64.Build.0 = Release|x64
		{9FED6BB8-240A-46EF-9187-0B08A3F438D8}.Release|x86.ActiveCfg = Release|Win32
		{9FED6BB8-240A-46EF-9187-0B08A3F438D8}.Release|x86.Build.0 = Release|Win32
		{91DBB278-DE89-4DA4-AA85-4ED5ACE06626}.Debug|x64.ActiveCfg = Debug|x64
		{91DBB278-DE89-4DA4-AA85-4ED5ACE06626}.Debug|x64.Build.0 = Debug|x64
		{91DBB278-DE89-4DA4-AA85-4ED5ACE06626}.Debug|x86.ActiveCfg = Debug|Win32
		{91DBB278-DE89-4DA4-AA85-4ED5ACE06626}.Debug|x86.Build.0 = Debug|Win32
		{91DBB278-DE89-4DA4-AA85-4ED5ACE06626}.Release|x64.ActiveCfg = Release|x64
		{91DBB278-DE89-4DA4-AA85-4ED5ACE06626}.Release|x64.Build.0 = Release|x64
		{91DBB278-DE89-4DA4-AA85-4ED5ACE06626}.Release|x86.ActiveCfg = Release|Win32
		{91DBB278-DE89-4DA4-AA85-4ED5ACE06626}.Release|x86.Build.0 = Release|Win32
		{D3E36FE5-C31C-4ABE-9FB7-45A3F29BF759}.Debug|x64.ActiveCfg = Debug|x64
		{D3E36FE5-C31C-4ABE-9FB7-45A3F29BF759}.Debug|x64.Build.0 = Debug|x64
		{D3E36FE5-C31C-4ABE-9FB7-45A3F29BF759}.Debug|x86.ActiveCfg = Debug|Win32
		{D3E36FE5-C31C-4ABE-9FB7-45A3F29BF759}.Debug|x86.Build.0 = Debug|Win32
		{D3E36FE5-C31C-4ABE-9FB7-45A3F29BF759}.Release|x64.ActiveCfg = Release|x64
		{D3E36FE5-C31C-4ABE-9FB7-45A3F29BF759}.Release|x64.Build.0 = Release|x64
		{D3E36FE5-C31C-4ABE-9FB7-45A3F29BF759}.Release|x86.ActiveCfg = Release|Win32
		{D3E36FE5-C31C-4ABE-9FB7-45A3F29BF759}.Release|x86.Build.0 = Release|Win32
		{09A8F293-EC72-4D15-93EE-5D14EDA6D08E}.Debug|x64.ActiveCfg = Debug|x64
		{09A8F293-EC72-4D15-93EE-5D14EDA6D08E}.Debug|x64.Build.0 = Debug|x64
		{09A8F293-EC72-4D15-93EE-5D14EDA6D08E}.Debug|x86.ActiveCfg = Debug|Win32
		{09A8F293-EC72-4D15-93EE-5D14EDA6D08E}.Debug|x86.Build.0 = Debug|Win32
		{09A8F293-EC72-4D15-93EE-5D14EDA6D08E}.Release|x64.ActiveCfg = Release|x64
		{09A8F293-EC72-4D15-93EE-5D14EDA6D08E}.Release|x64.Build.0 = Release|x64
		{09A8F293-EC72-4D15-93EE-5D14EDA6D08E}.Release|x86.ActiveCfg = Release|Win32
		{09A8F293-EC72-4D15-93EE-5D14EDA6D08E}.Release|x86.Build.0 = Release|Win32
		{81340DE2-6397-4CAC-864A-65E2621EF8C3}.Debug|x64.ActiveCfg = Debug|x64
		{81340DE2-6397-4CAC-864A-65E2621EF8C3}.Debug|x64.Build.0 = Debug|x64
		{81340DE2-6397-4CAC-864A-65E2621EF8C3}.Debug|x86.ActiveCfg = Debug|Win32
		{81340DE2-6397-4CAC-864A-65E2621EF8C3}.Debug|x86.Build.0 = Debug|Win32
		{81340DE2-6397-4CAC-864A-65E2621EF8C3}.Release|x64.ActiveCfg = Release|x64
		{81340DE2-6397-4CAC-864A-65E2621EF8C3}.Release|x64.Build.0 = Release|x64
		{81340DE2-6397-4CAC-864A-65E2621EF8C3}.Release|x86.ActiveCfg = Release|Win32
		{81340DE2-6397-4CAC-864A-65E2621EF8C3}.Release|x86.Build.0 = Release|Win32
		{5B2BF207-1CD6-4DEC-A50B-C8476E03D913}.Debug|x64.ActiveCfg = Debug|x64
		{5B2BF207-1CD6-4DEC-A50B-C8476E03D913}.Debug|x64.Build.0 = Debug|x64
		{5B2BF207-1CD6-4DEC-A50B-C8476E03D913}.Debug|x86.ActiveCfg = Debug|Win32
		{5B2BF207-1CD6-4DEC-A50B-C8476E03D913}.Debug|x86.Build.0 = Debug|Win32
		{5B2BF207-1CD6-4DEC-A50B-C8476E03D913}.Release|x64.ActiveCfg = Release|x64
		{5B2BF207-1CD6-4DEC-A50B-C8476E03D913}.Release|x64.Build.0 = Release|x64
		{5B2BF207-1CD6-4DEC-A50B-C8476E03D913}.Release|x86.ActiveCfg = Release|Win32
		{5B2BF207-1CD6-4DEC-A50B-C8476E03D913}.Release|x86.Build.0 = Release|Win32
	EndGlobalSection
	GlobalSection(SolutionProperties) = preSolution
		HideSolutionNode = FALSE
	EndGlobalSection
	GlobalSection(ExtensibilityGlobals) = postSolution
		SolutionGuid = {4ACEC182-93EC-4BF9-B2BF-1597387EB3BA}
	EndGlobalSection
EndGlobal
